
Microsoft Visual Studio Solution File, Format Version 12.00
# Visual Studio 15
VisualStudioVersion = 15.0.28010.2003
MinimumVisualStudioVersion = 10.0.40219.1
Project("{8BC9CEB8-8B4A-11D0-8D11-00A0C91BC942}") = "Lab1", "Lab1\Lab1.vcxproj", "{15DB6F97-A253-4771-8B1D-2BDDCDBBC36F}"
EndProject
Project("{8BC9CEB8-8B4A-11D0-8D11-00A0C91BC942}") = "Lab2", "Lab2\Lab2.vcxproj", "{D85610A0-0CC1-4917-A071-B78D23EDB951}"
EndProject
Project("{8BC9CEB8-8B4A-11D0-8D11-00A0C91BC942}") = "Lab3", "Lab3\Lab3.vcxproj", "{67C3E821-8EE2-4CAB-A891-D2F2F84A1E47}"
EndProject
Project("{8BC9CEB8-8B4A-11D0-8D11-00A0C91BC942}") = "Lab4", "Lab4\Lab4.vcxproj", "{D67EC2A5-9668-483C-84C9-5F945D7F0882}"
EndProject
Project("{8BC9CEB8-8B4A-11D0-8D11-00A0C91BC942}") = "Lab5", "Lab5\Lab5.vcxproj", "{27BEC31D-3D10-4082-AC66-3C56CA56E08D}"
EndProject
Project("{8BC9CEB8-8B4A-11D0-8D11-00A0C91BC942}") = "Lab6", "Lab6\Lab6.vcxproj", "{CDD6F23F-3303-4E77-9E59-F43795D90AF8}"
EndProject
Global
	GlobalSection(SolutionConfigurationPlatforms) = preSolution
		Debug|x64 = Debug|x64
		Debug|x86 = Debug|x86
		Release|x64 = Release|x64
		Release|x86 = Release|x86
	EndGlobalSection
	GlobalSection(ProjectConfigurationPlatforms) = postSolution
		{15DB6F97-A253-4771-8B1D-2BDDCDBBC36F}.Debug|x64.ActiveCfg = Debug|x64
		{15DB6F97-A253-4771-8B1D-2BDDCDBBC36F}.Debug|x64.Build.0 = Debug|x64
		{15DB6F97-A253-4771-8B1D-2BDDCDBBC36F}.Debug|x86.ActiveCfg = Debug|Win32
		{15DB6F97-A253-4771-8B1D-2BDDCDBBC36F}.Debug|x86.Build.0 = Debug|Win32
		{15DB6F97-A253-4771-8B1D-2BDDCDBBC36F}.Release|x64.ActiveCfg = Release|x64
		{15DB6F97-A253-4771-8B1D-2BDDCDBBC36F}.Release|x64.Build.0 = Release|x64
		{15DB6F97-A253-4771-8B1D-2BDDCDBBC36F}.Release|x86.ActiveCfg = Release|Win32
		{15DB6F97-A253-4771-8B1D-2BDDCDBBC36F}.Release|x86.Build.0 = Release|Win32
		{D85610A0-0CC1-4917-A071-B78D23EDB951}.Debug|x64.ActiveCfg = Debug|x64
		{D85610A0-0CC1-4917-A071-B78D23EDB951}.Debug|x64.Build.0 = Debug|x64
		{D85610A0-0CC1-4917-A071-B78D23EDB951}.Debug|x86.ActiveCfg = Debug|Win32
		{D85610A0-0CC1-4917-A071-B78D23EDB951}.Debug|x86.Build.0 = Debug|Win32
		{D85610A0-0CC1-4917-A071-B78D23EDB951}.Release|x64.ActiveCfg = Release|x64
		{D85610A0-0CC1-4917-A071-B78D23EDB951}.Release|x64.Build.0 = Release|x64
		{D85610A0-0CC1-4917-A071-B78D23EDB951}.Release|x86.ActiveCfg = Release|Win32
		{D85610A0-0CC1-4917-A071-B78D23EDB951}.Release|x86.Build.0 = Release|Win32
		{67C3E821-8EE2-4CAB-A891-D2F2F84A1E47}.Debug|x64.ActiveCfg = Debug|x64
		{67C3E821-8EE2-4CAB-A891-D2F2F84A1E47}.Debug|x64.Build.0 = Debug|x64
		{67C3E821-8EE2-4CAB-A891-D2F2F84A1E47}.Debug|x86.ActiveCfg = Debug|Win32
		{67C3E821-8EE2-4CAB-A891-D2F2F84A1E47}.Debug|x86.Build.0 = Debug|Win32
		{67C3E821-8EE2-4CAB-A891-D2F2F84A1E47}.Release|x64.ActiveCfg = Release|x64
		{67C3E821-8EE2-4CAB-A891-D2F2F84A1E47}.Release|x64.Build.0 = Release|x64
		{67C3E821-8EE2-4CAB-A891-D2F2F84A1E47}.Release|x86.ActiveCfg = Release|Win32
		{67C3E821-8EE2-4CAB-A891-D2F2F84A1E47}.Release|x86.Build.0 = Release|Win32
		{D67EC2A5-9668-483C-84C9-5F945D7F0882}.Debug|x64.ActiveCfg = Debug|x64
		{D67EC2A5-9668-483C-84C9-5F945D7F0882}.Debug|x64.Build.0 = Debug|x64
		{D67EC2A5-9668-483C-84C9-5F945D7F0882}.Debug|x86.ActiveCfg = Debug|Win32
		{D67EC2A5-9668-483C-84C9-5F945D7F0882}.Debug|x86.Build.0 = Debug|Win32
		{D67EC2A5-9668-483C-84C9-5F945D7F0882}.Release|x64.ActiveCfg = Release|x64
		{D67EC2A5-9668-483C-84C9-5F945D7F0882}.Release|x64.Build.0 = Release|x64
		{D67EC2A5-9668-483C-84C9-5F945D7F0882}.Release|x86.ActiveCfg = Release|Win32
		{D67EC2A5-9668-483C-84C9-5F945D7F0882}.Release|x86.Build.0 = Release|Win32
		{27BEC31D-3D10-4082-AC66-3C56CA56E08D}.Debug|x64.ActiveCfg = Debug|x64
		{27BEC31D-3D10-4082-AC66-3C56CA56E08D}.Debug|x64.Build.0 = Debug|x64
		{27BEC31D-3D10-4082-AC66-3C56CA56E08D}.Debug|x86.ActiveCfg = Debug|Win32
		{27BEC31D-3D10-4082-AC66-3C56CA56E08D}.Debug|x86.Build.0 = Debug|Win32
		{27BEC31D-3D10-4082-AC66-3C56CA56E08D}.Release|x64.ActiveCfg = Release|x64
		{27BEC31D-3D10-4082-AC66-3C56CA56E08D}.Release|x64.Build.0 = Release|x64
		{27BEC31D-3D10-4082-AC66-3C56CA56E08D}.Release|x86.ActiveCfg = Release|Win32
		{27BEC31D-3D10-4082-AC66-3C56CA56E08D}.Release|x86.Build.0 = Release|Win32
		{CDD6F23F-3303-4E77-9E59-F43795D90AF8}.Debug|x64.ActiveCfg = Debug|x64
		{CDD6F23F-3303-4E77-9E59-F43795D90AF8}.Debug|x64.Build.0 = Debug|x64
		{CDD6F23F-3303-4E77-9E59-F43795D90AF8}.Debug|x86.ActiveCfg = Debug|Win32
		{CDD6F23F-3303-4E77-9E59-F43795D90AF8}.Debug|x86.Build.0 = Debug|Win32
		{CDD6F23F-3303-4E77-9E59-F43795D90AF8}.Release|x64.ActiveCfg = Release|x64
		{CDD6F23F-3303-4E77-9E59-F43795D90AF8}.Release|x64.Build.0 = Release|x64
		{CDD6F23F-3303-4E77-9E59-F43795D90AF8}.Release|x86.ActiveCfg = Release|Win32
		{CDD6F23F-3303-4E77-9E59-F43795D90AF8}.Release|x86.Build.0 = Release|Win32
	EndGlobalSection
	GlobalSection(SolutionProperties) = preSolution
		HideSolutionNode = FALSE
	EndGlobalSection
	GlobalSection(ExtensibilityGlobals) = postSolution
		SolutionGuid = {9A044EB5-DCE5-4B77-A696-6061020DA994}
	EndGlobalSection
EndGlobal
